
Microsoft Visual Studio Solution File, Format Version 12.00
# Visual Studio Version 16
VisualStudioVersion = 16.0.30204.135
MinimumVisualStudioVersion = 10.0.40219.1
Project("{FAE04EC0-301F-11D3-BF4B-00C04F79EFBC}") = "MyGraphToolkit.Api", "MyGraphToolkit.Api\MyGraphToolkit.Api.csproj", "{319CBFD2-1E99-4BD6-B820-67E3D1EA15E7}"
EndProject
Global
	GlobalSection(SolutionConfigurationPlatforms) = preSolution
		Debug|Any CPU = Debug|Any CPU
		Release|Any CPU = Release|Any CPU
	EndGlobalSection
	GlobalSection(ProjectConfigurationPlatforms) = postSolution
		{319CBFD2-1E99-4BD6-B820-67E3D1EA15E7}.Debug|Any CPU.ActiveCfg = Debug|Any CPU
		{319CBFD2-1E99-4BD6-B820-67E3D1EA15E7}.Debug|Any CPU.Build.0 = Debug|Any CPU
		{319CBFD2-1E99-4BD6-B820-67E3D1EA15E7}.Release|Any CPU.ActiveCfg = Release|Any CPU
		{319CBFD2-1E99-4BD6-B820-67E3D1EA15E7}.Release|Any CPU.Build.0 = Release|Any CPU
	EndGlobalSection
	GlobalSection(SolutionProperties) = preSolution
		HideSolutionNode = FALSE
	EndGlobalSection
	GlobalSection(ExtensibilityGlobals) = postSolution
		SolutionGuid = {819CA3BB-6CA7-470B-85BD-EA4A0D8238A3}
	EndGlobalSection
EndGlobal
